
Microsoft Visual Studio Solution File, Format Version 12.00
# Visual Studio Version 17
VisualStudioVersion = 17.8.34309.116
MinimumVisualStudioVersion = 10.0.40219.1
Project("{9A19103F-16F7-4668-BE54-9A1E7A4F7556}") = "Server", "Server\Server.csproj", "{2B3E1B67-2169-49A4-B01F-5C2C3B2B33C1}"
EndProject
Project("{E53339B2-1760-4266-BCC7-CA923CBCF16C}") = "docker-compose", "docker-compose.dcproj", "{BA3B2483-1D08-4695-8606-5737C41834F7}"
EndProject
Project("{9A19103F-16F7-4668-BE54-9A1E7A4F7556}") = "LiveLinesClient", "LiveLinesClient\LiveLinesClient.csproj", "{2B9E0280-337B-475B-9E09-A718C12D1A53}"
EndProject
Global
	GlobalSection(SolutionConfigurationPlatforms) = preSolution
		Debug|Any CPU = Debug|Any CPU
		Release|Any CPU = Release|Any CPU
	EndGlobalSection
	GlobalSection(ProjectConfigurationPlatforms) = postSolution
		{2B3E1B67-2169-49A4-B01F-5C2C3B2B33C1}.Debug|Any CPU.ActiveCfg = Debug|Any CPU
		{2B3E1B67-2169-49A4-B01F-5C2C3B2B33C1}.Debug|Any CPU.Build.0 = Debug|Any CPU
		{2B3E1B67-2169-49A4-B01F-5C2C3B2B33C1}.Release|Any CPU.ActiveCfg = Release|Any CPU
		{2B3E1B67-2169-49A4-B01F-5C2C3B2B33C1}.Release|Any CPU.Build.0 = Release|Any CPU
		{BA3B2483-1D08-4695-8606-5737C41834F7}.Debug|Any CPU.ActiveCfg = Debug|Any CPU
		{BA3B2483-1D08-4695-8606-5737C41834F7}.Debug|Any CPU.Build.0 = Debug|Any CPU
		{BA3B2483-1D08-4695-8606-5737C41834F7}.Release|Any CPU.ActiveCfg = Release|Any CPU
		{BA3B2483-1D08-4695-8606-5737C41834F7}.Release|Any CPU.Build.0 = Release|Any CPU
		{2B9E0280-337B-475B-9E09-A718C12D1A53}.Debug|Any CPU.ActiveCfg = Debug|Any CPU
		{2B9E0280-337B-475B-9E09-A718C12D1A53}.Debug|Any CPU.Build.0 = Debug|Any CPU
		{2B9E0280-337B-475B-9E09-A718C12D1A53}.Debug|Any CPU.Deploy.0 = Debug|Any CPU
		{2B9E0280-337B-475B-9E09-A718C12D1A53}.Release|Any CPU.ActiveCfg = Release|Any CPU
		{2B9E0280-337B-475B-9E09-A718C12D1A53}.Release|Any CPU.Build.0 = Release|Any CPU
		{2B9E0280-337B-475B-9E09-A718C12D1A53}.Release|Any CPU.Deploy.0 = Release|Any CPU
	EndGlobalSection
	GlobalSection(SolutionProperties) = preSolution
		HideSolutionNode = FALSE
	EndGlobalSection
	GlobalSection(ExtensibilityGlobals) = postSolution
		SolutionGuid = {72A33073-D804-4609-B8C0-9B76E7B0B672}
	EndGlobalSection
EndGlobal
