
Microsoft Visual Studio Solution File, Format Version 12.00
# Visual Studio Version 17
VisualStudioVersion = 17.8.34212.112
MinimumVisualStudioVersion = 10.0.40219.1
Project("{9A19103F-16F7-4668-BE54-9A1E7A4F7556}") = "VirtualBook", "VirtualBook.csproj", "{6AC1146B-41BB-4AD0-A3F0-32DA413774D5}"
EndProject
Global
	GlobalSection(SolutionConfigurationPlatforms) = preSolution
		Debug|Any CPU = Debug|Any CPU
		Release|Any CPU = Release|Any CPU
	EndGlobalSection
	GlobalSection(ProjectConfigurationPlatforms) = postSolution
		{6AC1146B-41BB-4AD0-A3F0-32DA413774D5}.Debug|Any CPU.ActiveCfg = Debug|Any CPU
		{6AC1146B-41BB-4AD0-A3F0-32DA413774D5}.Debug|Any CPU.Build.0 = Debug|Any CPU
		{6AC1146B-41BB-4AD0-A3F0-32DA413774D5}.Release|Any CPU.ActiveCfg = Release|Any CPU
		{6AC1146B-41BB-4AD0-A3F0-32DA413774D5}.Release|Any CPU.Build.0 = Release|Any CPU
	EndGlobalSection
	GlobalSection(SolutionProperties) = preSolution
		HideSolutionNode = FALSE
	EndGlobalSection
	GlobalSection(ExtensibilityGlobals) = postSolution
		SolutionGuid = {98060A5C-97AD-418D-959D-787390505365}
	EndGlobalSection
EndGlobal
